
Microsoft Visual Studio Solution File, Format Version 12.00
# Visual Studio Version 16
VisualStudioVersion = 16.0.30621.155
MinimumVisualStudioVersion = 10.0.40219.1
Project("{FAE04EC0-301F-11D3-BF4B-00C04F79EFBC}") = "Entrega4", "Entrega4.csproj", "{4E941105-CE4B-4701-BF7E-81A9596700C9}"
EndProject
Global
	GlobalSection(SolutionConfigurationPlatforms) = preSolution
		Debug|Any CPU = Debug|Any CPU
		Release|Any CPU = Release|Any CPU
	EndGlobalSection
	GlobalSection(ProjectConfigurationPlatforms) = postSolution
		{4E941105-CE4B-4701-BF7E-81A9596700C9}.Debug|Any CPU.ActiveCfg = Debug|Any CPU
		{4E941105-CE4B-4701-BF7E-81A9596700C9}.Debug|Any CPU.Build.0 = Debug|Any CPU
		{4E941105-CE4B-4701-BF7E-81A9596700C9}.Release|Any CPU.ActiveCfg = Release|Any CPU
		{4E941105-CE4B-4701-BF7E-81A9596700C9}.Release|Any CPU.Build.0 = Release|Any CPU
	EndGlobalSection
	GlobalSection(SolutionProperties) = preSolution
		HideSolutionNode = FALSE
	EndGlobalSection
	GlobalSection(ExtensibilityGlobals) = postSolution
		SolutionGuid = {7D00D3D0-B531-45AE-B7F2-B54E6649AF93}
	EndGlobalSection
EndGlobal
